
Microsoft Visual Studio Solution File, Format Version 12.00
# Visual Studio Version 17
VisualStudioVersion = 17.0.31903.59
MinimumVisualStudioVersion = 10.0.40219.1
Project("{2150E333-8FDC-42A3-9474-1A3956D46DE8}") = "src", "src", "{50075D0F-469C-4A88-867B-61B19A8A7553}"
EndProject
Project("{FAE04EC0-301F-11D3-BF4B-00C04F79EFBC}") = "jtree", "src\jtree\jtree.csproj", "{9232560B-B287-41B6-AB7B-E3F21A4CEE1C}"
EndProject
Global
	GlobalSection(SolutionConfigurationPlatforms) = preSolution
		Debug|Any CPU = Debug|Any CPU
		Release|Any CPU = Release|Any CPU
	EndGlobalSection
	GlobalSection(SolutionProperties) = preSolution
		HideSolutionNode = FALSE
	EndGlobalSection
	GlobalSection(ProjectConfigurationPlatforms) = postSolution
		{9232560B-B287-41B6-AB7B-E3F21A4CEE1C}.Debug|Any CPU.ActiveCfg = Debug|Any CPU
		{9232560B-B287-41B6-AB7B-E3F21A4CEE1C}.Debug|Any CPU.Build.0 = Debug|Any CPU
		{9232560B-B287-41B6-AB7B-E3F21A4CEE1C}.Release|Any CPU.ActiveCfg = Release|Any CPU
		{9232560B-B287-41B6-AB7B-E3F21A4CEE1C}.Release|Any CPU.Build.0 = Release|Any CPU
	EndGlobalSection
	GlobalSection(NestedProjects) = preSolution
		{9232560B-B287-41B6-AB7B-E3F21A4CEE1C} = {50075D0F-469C-4A88-867B-61B19A8A7553}
	EndGlobalSection
EndGlobal
